# THIS IS AN AUTOGENERATED FILE. DO NOT EDIT THIS FILE DIRECTLY.
# yarn lockfile v1


"@serverless/cloud@^2.10.13":
  version "2.11.6"
  resolved "https://registry.yarnpkg.com/@serverless/cloud/-/cloud-2.11.6.tgz#ce1ff396dbe549e16992de5c0ce687298255df50"
  integrity sha512-4h/ew/RmBV3+6E5k2ze6laThdoJCY+HLEQpV+YJZ/WgtCnAuVNUl4kkm2MmhM2DSGiyIOTMlDj0JHFGC9RFBag==
  optionalDependencies:
    fsevents "~2.3.2"

fsevents@~2.3.2:
  version "2.3.2"
  resolved "https://registry.yarnpkg.com/fsevents/-/fsevents-2.3.2.tgz#8a526f78b8fdf4623b709e0b975c52c24c02fd1a"
  integrity sha512-xiqMQR4xAeHTuB9uWm+fFRcIOgKBMiOBP+eXiyT7jsgVCq1bkVygt00oASowB7EdtpOHaaPgKt812P9ab+DDKA==
